
Microsoft Visual Studio Solution File, Format Version 12.00
# Visual Studio Version 16
VisualStudioVersion = 16.0.31205.134
MinimumVisualStudioVersion = 15.0.26124.0
Project("{9A19103F-16F7-4668-BE54-9A1E7A4F7556}") = "ExactlyOnce", "ExactlyOnce\ExactlyOnce.csproj", "{23B9CF1D-2C1D-4611-AFF7-ACB752427958}"
EndProject
Global
	GlobalSection(SolutionConfigurationPlatforms) = preSolution
		Debug|Any CPU = Debug|Any CPU
		Release|Any CPU = Release|Any CPU
	EndGlobalSection
	GlobalSection(ProjectConfigurationPlatforms) = postSolution
		{23B9CF1D-2C1D-4611-AFF7-ACB752427958}.Debug|Any CPU.ActiveCfg = Debug|Any CPU
		{23B9CF1D-2C1D-4611-AFF7-ACB752427958}.Debug|Any CPU.Build.0 = Debug|Any CPU
		{23B9CF1D-2C1D-4611-AFF7-ACB752427958}.Release|Any CPU.ActiveCfg = Release|Any CPU
		{23B9CF1D-2C1D-4611-AFF7-ACB752427958}.Release|Any CPU.Build.0 = Release|Any CPU
	EndGlobalSection
	GlobalSection(SolutionProperties) = preSolution
		HideSolutionNode = FALSE
	EndGlobalSection
	GlobalSection(ExtensibilityGlobals) = postSolution
		SolutionGuid = {A55286F3-7898-412A-AAC5-8BD897AC3099}
	EndGlobalSection
EndGlobal
